
Microsoft Visual Studio Solution File, Format Version 12.00
# Visual Studio 15
Project("{FAE04EC0-301F-11D3-BF4B-00C04F79EFBC}") = "UnityEngine.UI", "UnityEngine.UI.csproj", "{E9AE4606-3F9F-6F06-17FD-E3039CCA7CF7}"
EndProject
Project("{FAE04EC0-301F-11D3-BF4B-00C04F79EFBC}") = "UnityEngine.TestRunner", "UnityEngine.TestRunner.csproj", "{6AF8DED8-033B-F19E-61E5-B329A84285E3}"
EndProject
Project("{FAE04EC0-301F-11D3-BF4B-00C04F79EFBC}") = "Unity.Mathematics", "Unity.Mathematics.csproj", "{667DBB1B-8A9D-33B1-4022-0D1ABB94CBE3}"
EndProject
Project("{FAE04EC0-301F-11D3-BF4B-00C04F79EFBC}") = "Unity.InputSystem", "Unity.InputSystem.csproj", "{8D22A5B8-576A-C5B5-2F50-2017F95FAD1D}"
EndProject
Project("{FAE04EC0-301F-11D3-BF4B-00C04F79EFBC}") = "Unity.2D.Animation.Triangle.Runtime", "Unity.2D.Animation.Triangle.Runtime.csproj", "{FAAA8D41-41F2-B46B-F5F9-6319A72D4BF6}"
EndProject
Project("{FAE04EC0-301F-11D3-BF4B-00C04F79EFBC}") = "Unity.Timeline", "Unity.Timeline.csproj", "{E086455E-40D6-A6EE-A9F4-6E92E1A71145}"
EndProject
Project("{FAE04EC0-301F-11D3-BF4B-00C04F79EFBC}") = "Unity.TextMeshPro", "Unity.TextMeshPro.csproj", "{99452EFF-8BFB-F36C-0703-904953B72AA0}"
EndProject
Project("{FAE04EC0-301F-11D3-BF4B-00C04F79EFBC}") = "Unity.2D.Animation.Runtime", "Unity.2D.Animation.Runtime.csproj", "{857380D2-C3BC-E3FF-C81A-C944D56852C0}"
EndProject
Project("{FAE04EC0-301F-11D3-BF4B-00C04F79EFBC}") = "Assembly-CSharp", "Assembly-CSharp.csproj", "{9D9D07A3-1001-3EE2-6CCA-28A1CE9B981C}"
EndProject
Project("{FAE04EC0-301F-11D3-BF4B-00C04F79EFBC}") = "Unity.2D.IK.Runtime", "Unity.2D.IK.Runtime.csproj", "{BC92C7A0-D7E8-B976-3FEA-36856A31302A}"
EndProject
Project("{FAE04EC0-301F-11D3-BF4B-00C04F79EFBC}") = "Unity.2D.SpriteShape.Runtime", "Unity.2D.SpriteShape.Runtime.csproj", "{AEAE54A3-9902-460D-22A8-BFC65D5CD385}"
EndProject
Project("{FAE04EC0-301F-11D3-BF4B-00C04F79EFBC}") = "Unity.2D.PixelPerfect", "Unity.2D.PixelPerfect.csproj", "{83F8E30D-5B30-A9BA-E473-C35B9C975D25}"
EndProject
Project("{FAE04EC0-301F-11D3-BF4B-00C04F79EFBC}") = "Unity.2D.Common.Runtime", "Unity.2D.Common.Runtime.csproj", "{787E5A1B-B735-C7DB-44F1-9CDD9260AAF0}"
EndProject
Project("{FAE04EC0-301F-11D3-BF4B-00C04F79EFBC}") = "Unity.InternalAPIEngineBridge.001", "Unity.InternalAPIEngineBridge.001.csproj", "{64043189-9569-B77E-3CE3-AA4A8CAFF3FD}"
EndProject
Project("{FAE04EC0-301F-11D3-BF4B-00C04F79EFBC}") = "Unity.Timeline.Editor", "Unity.Timeline.Editor.csproj", "{37598E97-5D6A-E341-E3B1-349214EC3010}"
EndProject
Project("{FAE04EC0-301F-11D3-BF4B-00C04F79EFBC}") = "Unity.TextMeshPro.Editor", "Unity.TextMeshPro.Editor.csproj", "{9ED8D993-AA12-0652-FD84-3BCDAAA8AAE7}"
EndProject
Project("{FAE04EC0-301F-11D3-BF4B-00C04F79EFBC}") = "Unity.2D.Animation.Editor", "Unity.2D.Animation.Editor.csproj", "{6614BCE7-BFC0-8F76-5C62-A2FCA3C4D3E8}"
EndProject
Project("{FAE04EC0-301F-11D3-BF4B-00C04F79EFBC}") = "UnityEditor.TestRunner", "UnityEditor.TestRunner.csproj", "{7B5EEE70-6419-5910-C4D6-DEEE73141109}"
EndProject
Project("{FAE04EC0-301F-11D3-BF4B-00C04F79EFBC}") = "Unity.PlasticSCM.Editor", "Unity.PlasticSCM.Editor.csproj", "{FF1F958C-A748-4141-2287-D5D7FB73D24E}"
EndProject
Project("{FAE04EC0-301F-11D3-BF4B-00C04F79EFBC}") = "UnityEditor.UI", "UnityEditor.UI.csproj", "{AE714AB7-BB92-E958-FBBA-2743DA0818AA}"
EndProject
Project("{FAE04EC0-301F-11D3-BF4B-00C04F79EFBC}") = "Unity.VisualStudio.Editor", "Unity.VisualStudio.Editor.csproj", "{CE06EC8A-8891-216D-C3F6-BE5762B6F954}"
EndProject
Project("{FAE04EC0-301F-11D3-BF4B-00C04F79EFBC}") = "Unity.2D.Psdimporter.Editor", "Unity.2D.Psdimporter.Editor.csproj", "{16F881D6-6A37-AE4B-70AE-3639C7D6BC08}"
EndProject
Project("{FAE04EC0-301F-11D3-BF4B-00C04F79EFBC}") = "Unity.2D.SpriteShape.Editor", "Unity.2D.SpriteShape.Editor.csproj", "{DD9F5E4B-8763-8D3C-9EA0-6CA5B3DF7179}"
EndProject
Project("{FAE04EC0-301F-11D3-BF4B-00C04F79EFBC}") = "Unity.CollabProxy.Editor", "Unity.CollabProxy.Editor.csproj", "{C5ED948E-5599-E2C0-62BE-ADE057FC3EA8}"
EndProject
Project("{FAE04EC0-301F-11D3-BF4B-00C04F79EFBC}") = "PsdPlugin", "PsdPlugin.csproj", "{F52206C7-32AE-8C2B-2D79-37D238D90FF0}"
EndProject
Project("{FAE04EC0-301F-11D3-BF4B-00C04F79EFBC}") = "Unity.2D.Path.Editor", "Unity.2D.Path.Editor.csproj", "{D74AB967-C9EB-3708-B702-7B3BD46358FE}"
EndProject
Project("{FAE04EC0-301F-11D3-BF4B-00C04F79EFBC}") = "Unity.Rider.Editor", "Unity.Rider.Editor.csproj", "{FAA357C1-FE85-6643-7AD6-5FFA53F975BC}"
EndProject
Project("{FAE04EC0-301F-11D3-BF4B-00C04F79EFBC}") = "Unity.2D.IK.Editor", "Unity.2D.IK.Editor.csproj", "{C3686654-D801-5DCE-DFCD-3E0C5697ECB2}"
EndProject
Project("{FAE04EC0-301F-11D3-BF4B-00C04F79EFBC}") = "Unity.SysrootPackage.Editor", "Unity.SysrootPackage.Editor.csproj", "{27173B05-C502-4165-00BB-C0958FC0634F}"
EndProject
Project("{FAE04EC0-301F-11D3-BF4B-00C04F79EFBC}") = "Unity.2D.Sprite.Editor", "Unity.2D.Sprite.Editor.csproj", "{99B98451-927F-1EE3-20DB-F1D793EDA08C}"
EndProject
Project("{FAE04EC0-301F-11D3-BF4B-00C04F79EFBC}") = "Unity.2D.Tilemap.Editor", "Unity.2D.Tilemap.Editor.csproj", "{5B478092-91F6-E8AA-D2B8-7F3179A6881B}"
EndProject
Project("{FAE04EC0-301F-11D3-BF4B-00C04F79EFBC}") = "Unity.2D.PixelPerfect.Editor", "Unity.2D.PixelPerfect.Editor.csproj", "{C23750A5-9504-EAF1-8104-40A25E2766CD}"
EndProject
Project("{FAE04EC0-301F-11D3-BF4B-00C04F79EFBC}") = "Unity.VSCode.Editor", "Unity.VSCode.Editor.csproj", "{0C5715E4-030E-E85B-D045-055681B358D4}"
EndProject
Project("{FAE04EC0-301F-11D3-BF4B-00C04F79EFBC}") = "Unity.Toolchain.Win-x86_64-Linux-x86_64", "Unity.Toolchain.Win-x86_64-Linux-x86_64.csproj", "{3E803B50-7571-8C2F-65AB-0EB9ADBF9AD5}"
EndProject
Project("{FAE04EC0-301F-11D3-BF4B-00C04F79EFBC}") = "Unity.2D.Common.Editor", "Unity.2D.Common.Editor.csproj", "{3A97B6F8-7485-6144-AD24-501B67BE6B9D}"
EndProject
Project("{FAE04EC0-301F-11D3-BF4B-00C04F79EFBC}") = "Unity.Mathematics.Editor", "Unity.Mathematics.Editor.csproj", "{88A4605D-02D9-99C9-2F20-27AA127696AD}"
EndProject
Project("{FAE04EC0-301F-11D3-BF4B-00C04F79EFBC}") = "Unity.InternalAPIEditorBridge.001", "Unity.InternalAPIEditorBridge.001.csproj", "{D5A3F5C9-53AC-3232-1886-2447D85111B5}"
EndProject
Project("{FAE04EC0-301F-11D3-BF4B-00C04F79EFBC}") = "Unity.Sysroot.Linux_x86_64", "Unity.Sysroot.Linux_x86_64.csproj", "{F51EDF0D-D379-3E80-492E-0034B289EEC4}"
EndProject
Project("{FAE04EC0-301F-11D3-BF4B-00C04F79EFBC}") = "UnityEngine.UI", "UnityEngine.UI.Player.csproj", "{18C95E64-30AF-424F-74FE-13AF0AD574F3}"
EndProject
Project("{FAE04EC0-301F-11D3-BF4B-00C04F79EFBC}") = "UnityEngine.TestRunner", "UnityEngine.TestRunner.Player.csproj", "{D97448D7-704F-77ED-86B3-9B96B2B46AE3}"
EndProject
Project("{FAE04EC0-301F-11D3-BF4B-00C04F79EFBC}") = "Unity.Mathematics", "Unity.Mathematics.Player.csproj", "{0CA40CDB-3538-7C0C-DEDC-12774F443D21}"
EndProject
Project("{FAE04EC0-301F-11D3-BF4B-00C04F79EFBC}") = "Unity.InputSystem", "Unity.InputSystem.Player.csproj", "{BB7B4B68-1D10-DA67-74B8-438121E542E2}"
EndProject
Project("{FAE04EC0-301F-11D3-BF4B-00C04F79EFBC}") = "Unity.2D.Animation.Triangle.Runtime", "Unity.2D.Animation.Triangle.Runtime.Player.csproj", "{F78DC483-3A8C-DF6D-C185-12FF96F74844}"
EndProject
Project("{FAE04EC0-301F-11D3-BF4B-00C04F79EFBC}") = "Unity.Timeline", "Unity.Timeline.Player.csproj", "{5489D183-F391-1C5D-8183-4DBF93050AAA}"
EndProject
Project("{FAE04EC0-301F-11D3-BF4B-00C04F79EFBC}") = "Unity.TextMeshPro", "Unity.TextMeshPro.Player.csproj", "{DF304B90-9F53-8018-7B71-4330ACDCA7FD}"
EndProject
Project("{FAE04EC0-301F-11D3-BF4B-00C04F79EFBC}") = "Unity.2D.Animation.Runtime", "Unity.2D.Animation.Runtime.Player.csproj", "{D6A3FB69-4B30-257D-A53F-03847CAA7A24}"
EndProject
Project("{FAE04EC0-301F-11D3-BF4B-00C04F79EFBC}") = "Assembly-CSharp", "Assembly-CSharp.Player.csproj", "{A8C62FBC-626D-468B-BE9D-21AA7C99E382}"
EndProject
Project("{FAE04EC0-301F-11D3-BF4B-00C04F79EFBC}") = "Unity.2D.IK.Runtime", "Unity.2D.IK.Runtime.Player.csproj", "{878F62E0-50FE-E7A6-B047-2A71A1D92A5A}"
EndProject
Project("{FAE04EC0-301F-11D3-BF4B-00C04F79EFBC}") = "Unity.2D.SpriteShape.Runtime", "Unity.2D.SpriteShape.Runtime.Player.csproj", "{E4DD4601-0C5B-E4F4-E1F2-E5F39D5533F7}"
EndProject
Project("{FAE04EC0-301F-11D3-BF4B-00C04F79EFBC}") = "Unity.2D.PixelPerfect", "Unity.2D.PixelPerfect.Player.csproj", "{462AF5EA-D76F-2F6A-2C6E-46D73CB1DFC3}"
EndProject
Project("{FAE04EC0-301F-11D3-BF4B-00C04F79EFBC}") = "Unity.2D.Common.Runtime", "Unity.2D.Common.Runtime.Player.csproj", "{4BAF14E4-6B1E-77CC-8EB6-716D2C99D4DD}"
EndProject
Project("{FAE04EC0-301F-11D3-BF4B-00C04F79EFBC}") = "Unity.InternalAPIEngineBridge.001", "Unity.InternalAPIEngineBridge.001.Player.csproj", "{75B97A9B-940B-32CC-AAF4-ACAE1644137C}"
EndProject
Global
	GlobalSection(SolutionConfigurationPlatforms) = preSolution
		Debug|Any CPU = Debug|Any CPU
		Release|Any CPU = Release|Any CPU
	EndGlobalSection
	GlobalSection(ProjectConfigurationPlatforms) = postSolution
		{E9AE4606-3F9F-6F06-17FD-E3039CCA7CF7}.Debug|Any CPU.ActiveCfg = Debug|Any CPU
		{E9AE4606-3F9F-6F06-17FD-E3039CCA7CF7}.Debug|Any CPU.Build.0 = Debug|Any CPU
		{E9AE4606-3F9F-6F06-17FD-E3039CCA7CF7}.Release|Any CPU.ActiveCfg = Release|Any CPU
		{E9AE4606-3F9F-6F06-17FD-E3039CCA7CF7}.Release|Any CPU.Build.0 = Release|Any CPU
		{6AF8DED8-033B-F19E-61E5-B329A84285E3}.Debug|Any CPU.ActiveCfg = Debug|Any CPU
		{6AF8DED8-033B-F19E-61E5-B329A84285E3}.Debug|Any CPU.Build.0 = Debug|Any CPU
		{6AF8DED8-033B-F19E-61E5-B329A84285E3}.Release|Any CPU.ActiveCfg = Release|Any CPU
		{6AF8DED8-033B-F19E-61E5-B329A84285E3}.Release|Any CPU.Build.0 = Release|Any CPU
		{667DBB1B-8A9D-33B1-4022-0D1ABB94CBE3}.Debug|Any CPU.ActiveCfg = Debug|Any CPU
		{667DBB1B-8A9D-33B1-4022-0D1ABB94CBE3}.Debug|Any CPU.Build.0 = Debug|Any CPU
		{667DBB1B-8A9D-33B1-4022-0D1ABB94CBE3}.Release|Any CPU.ActiveCfg = Release|Any CPU
		{667DBB1B-8A9D-33B1-4022-0D1ABB94CBE3}.Release|Any CPU.Build.0 = Release|Any CPU
		{8D22A5B8-576A-C5B5-2F50-2017F95FAD1D}.Debug|Any CPU.ActiveCfg = Debug|Any CPU
		{8D22A5B8-576A-C5B5-2F50-2017F95FAD1D}.Debug|Any CPU.Build.0 = Debug|Any CPU
		{8D22A5B8-576A-C5B5-2F50-2017F95FAD1D}.Release|Any CPU.ActiveCfg = Release|Any CPU
		{8D22A5B8-576A-C5B5-2F50-2017F95FAD1D}.Release|Any CPU.Build.0 = Release|Any CPU
		{FAAA8D41-41F2-B46B-F5F9-6319A72D4BF6}.Debug|Any CPU.ActiveCfg = Debug|Any CPU
		{FAAA8D41-41F2-B46B-F5F9-6319A72D4BF6}.Debug|Any CPU.Build.0 = Debug|Any CPU
		{FAAA8D41-41F2-B46B-F5F9-6319A72D4BF6}.Release|Any CPU.ActiveCfg = Release|Any CPU
		{FAAA8D41-41F2-B46B-F5F9-6319A72D4BF6}.Release|Any CPU.Build.0 = Release|Any CPU
		{E086455E-40D6-A6EE-A9F4-6E92E1A71145}.Debug|Any CPU.ActiveCfg = Debug|Any CPU
		{E086455E-40D6-A6EE-A9F4-6E92E1A71145}.Debug|Any CPU.Build.0 = Debug|Any CPU
		{E086455E-40D6-A6EE-A9F4-6E92E1A71145}.Release|Any CPU.ActiveCfg = Release|Any CPU
		{E086455E-40D6-A6EE-A9F4-6E92E1A71145}.Release|Any CPU.Build.0 = Release|Any CPU
		{99452EFF-8BFB-F36C-0703-904953B72AA0}.Debug|Any CPU.ActiveCfg = Debug|Any CPU
		{99452EFF-8BFB-F36C-0703-904953B72AA0}.Debug|Any CPU.Build.0 = Debug|Any CPU
		{99452EFF-8BFB-F36C-0703-904953B72AA0}.Release|Any CPU.ActiveCfg = Release|Any CPU
		{99452EFF-8BFB-F36C-0703-904953B72AA0}.Release|Any CPU.Build.0 = Release|Any CPU
		{857380D2-C3BC-E3FF-C81A-C944D56852C0}.Debug|Any CPU.ActiveCfg = Debug|Any CPU
		{857380D2-C3BC-E3FF-C81A-C944D56852C0}.Debug|Any CPU.Build.0 = Debug|Any CPU
		{857380D2-C3BC-E3FF-C81A-C944D56852C0}.Release|Any CPU.ActiveCfg = Release|Any CPU
		{857380D2-C3BC-E3FF-C81A-C944D56852C0}.Release|Any CPU.Build.0 = Release|Any CPU
		{9D9D07A3-1001-3EE2-6CCA-28A1CE9B981C}.Debug|Any CPU.ActiveCfg = Debug|Any CPU
		{9D9D07A3-1001-3EE2-6CCA-28A1CE9B981C}.Debug|Any CPU.Build.0 = Debug|Any CPU
		{9D9D07A3-1001-3EE2-6CCA-28A1CE9B981C}.Release|Any CPU.ActiveCfg = Release|Any CPU
		{9D9D07A3-1001-3EE2-6CCA-28A1CE9B981C}.Release|Any CPU.Build.0 = Release|Any CPU
		{BC92C7A0-D7E8-B976-3FEA-36856A31302A}.Debug|Any CPU.ActiveCfg = Debug|Any CPU
		{BC92C7A0-D7E8-B976-3FEA-36856A31302A}.Debug|Any CPU.Build.0 = Debug|Any CPU
		{BC92C7A0-D7E8-B976-3FEA-36856A31302A}.Release|Any CPU.ActiveCfg = Release|Any CPU
		{BC92C7A0-D7E8-B976-3FEA-36856A31302A}.Release|Any CPU.Build.0 = Release|Any CPU
		{AEAE54A3-9902-460D-22A8-BFC65D5CD385}.Debug|Any CPU.ActiveCfg = Debug|Any CPU
		{AEAE54A3-9902-460D-22A8-BFC65D5CD385}.Debug|Any CPU.Build.0 = Debug|Any CPU
		{AEAE54A3-9902-460D-22A8-BFC65D5CD385}.Release|Any CPU.ActiveCfg = Release|Any CPU
		{AEAE54A3-9902-460D-22A8-BFC65D5CD385}.Release|Any CPU.Build.0 = Release|Any CPU
		{83F8E30D-5B30-A9BA-E473-C35B9C975D25}.Debug|Any CPU.ActiveCfg = Debug|Any CPU
		{83F8E30D-5B30-A9BA-E473-C35B9C975D25}.Debug|Any CPU.Build.0 = Debug|Any CPU
		{83F8E30D-5B30-A9BA-E473-C35B9C975D25}.Release|Any CPU.ActiveCfg = Release|Any CPU
		{83F8E30D-5B30-A9BA-E473-C35B9C975D25}.Release|Any CPU.Build.0 = Release|Any CPU
		{787E5A1B-B735-C7DB-44F1-9CDD9260AAF0}.Debug|Any CPU.ActiveCfg = Debug|Any CPU
		{787E5A1B-B735-C7DB-44F1-9CDD9260AAF0}.Debug|Any CPU.Build.0 = Debug|Any CPU
		{787E5A1B-B735-C7DB-44F1-9CDD9260AAF0}.Release|Any CPU.ActiveCfg = Release|Any CPU
		{787E5A1B-B735-C7DB-44F1-9CDD9260AAF0}.Release|Any CPU.Build.0 = Release|Any CPU
		{64043189-9569-B77E-3CE3-AA4A8CAFF3FD}.Debug|Any CPU.ActiveCfg = Debug|Any CPU
		{64043189-9569-B77E-3CE3-AA4A8CAFF3FD}.Debug|Any CPU.Build.0 = Debug|Any CPU
		{64043189-9569-B77E-3CE3-AA4A8CAFF3FD}.Release|Any CPU.ActiveCfg = Release|Any CPU
		{64043189-9569-B77E-3CE3-AA4A8CAFF3FD}.Release|Any CPU.Build.0 = Release|Any CPU
		{37598E97-5D6A-E341-E3B1-349214EC3010}.Debug|Any CPU.ActiveCfg = Debug|Any CPU
		{37598E97-5D6A-E341-E3B1-349214EC3010}.Debug|Any CPU.Build.0 = Debug|Any CPU
		{37598E97-5D6A-E341-E3B1-349214EC3010}.Release|Any CPU.ActiveCfg = Release|Any CPU
		{37598E97-5D6A-E341-E3B1-349214EC3010}.Release|Any CPU.Build.0 = Release|Any CPU
		{9ED8D993-AA12-0652-FD84-3BCDAAA8AAE7}.Debug|Any CPU.ActiveCfg = Debug|Any CPU
		{9ED8D993-AA12-0652-FD84-3BCDAAA8AAE7}.Debug|Any CPU.Build.0 = Debug|Any CPU
		{9ED8D993-AA12-0652-FD84-3BCDAAA8AAE7}.Release|Any CPU.ActiveCfg = Release|Any CPU
		{9ED8D993-AA12-0652-FD84-3BCDAAA8AAE7}.Release|Any CPU.Build.0 = Release|Any CPU
		{6614BCE7-BFC0-8F76-5C62-A2FCA3C4D3E8}.Debug|Any CPU.ActiveCfg = Debug|Any CPU
		{6614BCE7-BFC0-8F76-5C62-A2FCA3C4D3E8}.Debug|Any CPU.Build.0 = Debug|Any CPU
		{6614BCE7-BFC0-8F76-5C62-A2FCA3C4D3E8}.Release|Any CPU.ActiveCfg = Release|Any CPU
		{6614BCE7-BFC0-8F76-5C62-A2FCA3C4D3E8}.Release|Any CPU.Build.0 = Release|Any CPU
		{7B5EEE70-6419-5910-C4D6-DEEE73141109}.Debug|Any CPU.ActiveCfg = Debug|Any CPU
		{7B5EEE70-6419-5910-C4D6-DEEE73141109}.Debug|Any CPU.Build.0 = Debug|Any CPU
		{7B5EEE70-6419-5910-C4D6-DEEE73141109}.Release|Any CPU.ActiveCfg = Release|Any CPU
		{7B5EEE70-6419-5910-C4D6-DEEE73141109}.Release|Any CPU.Build.0 = Release|Any CPU
		{FF1F958C-A748-4141-2287-D5D7FB73D24E}.Debug|Any CPU.ActiveCfg = Debug|Any CPU
		{FF1F958C-A748-4141-2287-D5D7FB73D24E}.Debug|Any CPU.Build.0 = Debug|Any CPU
		{FF1F958C-A748-4141-2287-D5D7FB73D24E}.Release|Any CPU.ActiveCfg = Release|Any CPU
		{FF1F958C-A748-4141-2287-D5D7FB73D24E}.Release|Any CPU.Build.0 = Release|Any CPU
		{AE714AB7-BB92-E958-FBBA-2743DA0818AA}.Debug|Any CPU.ActiveCfg = Debug|Any CPU
		{AE714AB7-BB92-E958-FBBA-2743DA0818AA}.Debug|Any CPU.Build.0 = Debug|Any CPU
		{AE714AB7-BB92-E958-FBBA-2743DA0818AA}.Release|Any CPU.ActiveCfg = Release|Any CPU
		{AE714AB7-BB92-E958-FBBA-2743DA0818AA}.Release|Any CPU.Build.0 = Release|Any CPU
		{CE06EC8A-8891-216D-C3F6-BE5762B6F954}.Debug|Any CPU.ActiveCfg = Debug|Any CPU
		{CE06EC8A-8891-216D-C3F6-BE5762B6F954}.Debug|Any CPU.Build.0 = Debug|Any CPU
		{CE06EC8A-8891-216D-C3F6-BE5762B6F954}.Release|Any CPU.ActiveCfg = Release|Any CPU
		{CE06EC8A-8891-216D-C3F6-BE5762B6F954}.Release|Any CPU.Build.0 = Release|Any CPU
		{16F881D6-6A37-AE4B-70AE-3639C7D6BC08}.Debug|Any CPU.ActiveCfg = Debug|Any CPU
		{16F881D6-6A37-AE4B-70AE-3639C7D6BC08}.Debug|Any CPU.Build.0 = Debug|Any CPU
		{16F881D6-6A37-AE4B-70AE-3639C7D6BC08}.Release|Any CPU.ActiveCfg = Release|Any CPU
		{16F881D6-6A37-AE4B-70AE-3639C7D6BC08}.Release|Any CPU.Build.0 = Release|Any CPU
		{DD9F5E4B-8763-8D3C-9EA0-6CA5B3DF7179}.Debug|Any CPU.ActiveCfg = Debug|Any CPU
		{DD9F5E4B-8763-8D3C-9EA0-6CA5B3DF7179}.Debug|Any CPU.Build.0 = Debug|Any CPU
		{DD9F5E4B-8763-8D3C-9EA0-6CA5B3DF7179}.Release|Any CPU.ActiveCfg = Release|Any CPU
		{DD9F5E4B-8763-8D3C-9EA0-6CA5B3DF7179}.Release|Any CPU.Build.0 = Release|Any CPU
		{C5ED948E-5599-E2C0-62BE-ADE057FC3EA8}.Debug|Any CPU.ActiveCfg = Debug|Any CPU
		{C5ED948E-5599-E2C0-62BE-ADE057FC3EA8}.Debug|Any CPU.Build.0 = Debug|Any CPU
		{C5ED948E-5599-E2C0-62BE-ADE057FC3EA8}.Release|Any CPU.ActiveCfg = Release|Any CPU
		{C5ED948E-5599-E2C0-62BE-ADE057FC3EA8}.Release|Any CPU.Build.0 = Release|Any CPU
		{F52206C7-32AE-8C2B-2D79-37D238D90FF0}.Debug|Any CPU.ActiveCfg = Debug|Any CPU
		{F52206C7-32AE-8C2B-2D79-37D238D90FF0}.Debug|Any CPU.Build.0 = Debug|Any CPU
		{F52206C7-32AE-8C2B-2D79-37D238D90FF0}.Release|Any CPU.ActiveCfg = Release|Any CPU
		{F52206C7-32AE-8C2B-2D79-37D238D90FF0}.Release|Any CPU.Build.0 = Release|Any CPU
		{D74AB967-C9EB-3708-B702-7B3BD46358FE}.Debug|Any CPU.ActiveCfg = Debug|Any CPU
		{D74AB967-C9EB-3708-B702-7B3BD46358FE}.Debug|Any CPU.Build.0 = Debug|Any CPU
		{D74AB967-C9EB-3708-B702-7B3BD46358FE}.Release|Any CPU.ActiveCfg = Release|Any CPU
		{D74AB967-C9EB-3708-B702-7B3BD46358FE}.Release|Any CPU.Build.0 = Release|Any CPU
		{FAA357C1-FE85-6643-7AD6-5FFA53F975BC}.Debug|Any CPU.ActiveCfg = Debug|Any CPU
		{FAA357C1-FE85-6643-7AD6-5FFA53F975BC}.Debug|Any CPU.Build.0 = Debug|Any CPU
		{FAA357C1-FE85-6643-7AD6-5FFA53F975BC}.Release|Any CPU.ActiveCfg = Release|Any CPU
		{FAA357C1-FE85-6643-7AD6-5FFA53F975BC}.Release|Any CPU.Build.0 = Release|Any CPU
		{C3686654-D801-5DCE-DFCD-3E0C5697ECB2}.Debug|Any CPU.ActiveCfg = Debug|Any CPU
		{C3686654-D801-5DCE-DFCD-3E0C5697ECB2}.Debug|Any CPU.Build.0 = Debug|Any CPU
		{C3686654-D801-5DCE-DFCD-3E0C5697ECB2}.Release|Any CPU.ActiveCfg = Release|Any CPU
		{C3686654-D801-5DCE-DFCD-3E0C5697ECB2}.Release|Any CPU.Build.0 = Release|Any CPU
		{27173B05-C502-4165-00BB-C0958FC0634F}.Debug|Any CPU.ActiveCfg = Debug|Any CPU
		{27173B05-C502-4165-00BB-C0958FC0634F}.Debug|Any CPU.Build.0 = Debug|Any CPU
		{27173B05-C502-4165-00BB-C0958FC0634F}.Release|Any CPU.ActiveCfg = Release|Any CPU
		{27173B05-C502-4165-00BB-C0958FC0634F}.Release|Any CPU.Build.0 = Release|Any CPU
		{99B98451-927F-1EE3-20DB-F1D793EDA08C}.Debug|Any CPU.ActiveCfg = Debug|Any CPU
		{99B98451-927F-1EE3-20DB-F1D793EDA08C}.Debug|Any CPU.Build.0 = Debug|Any CPU
		{99B98451-927F-1EE3-20DB-F1D793EDA08C}.Release|Any CPU.ActiveCfg = Release|Any CPU
		{99B98451-927F-1EE3-20DB-F1D793EDA08C}.Release|Any CPU.Build.0 = Release|Any CPU
		{5B478092-91F6-E8AA-D2B8-7F3179A6881B}.Debug|Any CPU.ActiveCfg = Debug|Any CPU
		{5B478092-91F6-E8AA-D2B8-7F3179A6881B}.Debug|Any CPU.Build.0 = Debug|Any CPU
		{5B478092-91F6-E8AA-D2B8-7F3179A6881B}.Release|Any CPU.ActiveCfg = Release|Any CPU
		{5B478092-91F6-E8AA-D2B8-7F3179A6881B}.Release|Any CPU.Build.0 = Release|Any CPU
		{C23750A5-9504-EAF1-8104-40A25E2766CD}.Debug|Any CPU.ActiveCfg = Debug|Any CPU
		{C23750A5-9504-EAF1-8104-40A25E2766CD}.Debug|Any CPU.Build.0 = Debug|Any CPU
		{C23750A5-9504-EAF1-8104-40A25E2766CD}.Release|Any CPU.ActiveCfg = Release|Any CPU
		{C23750A5-9504-EAF1-8104-40A25E2766CD}.Release|Any CPU.Build.0 = Release|Any CPU
		{0C5715E4-030E-E85B-D045-055681B358D4}.Debug|Any CPU.ActiveCfg = Debug|Any CPU
		{0C5715E4-030E-E85B-D045-055681B358D4}.Debug|Any CPU.Build.0 = Debug|Any CPU
		{0C5715E4-030E-E85B-D045-055681B358D4}.Release|Any CPU.ActiveCfg = Release|Any CPU
		{0C5715E4-030E-E85B-D045-055681B358D4}.Release|Any CPU.Build.0 = Release|Any CPU
		{3E803B50-7571-8C2F-65AB-0EB9ADBF9AD5}.Debug|Any CPU.ActiveCfg = Debug|Any CPU
		{3E803B50-7571-8C2F-65AB-0EB9ADBF9AD5}.Debug|Any CPU.Build.0 = Debug|Any CPU
		{3E803B50-7571-8C2F-65AB-0EB9ADBF9AD5}.Release|Any CPU.ActiveCfg = Release|Any CPU
		{3E803B50-7571-8C2F-65AB-0EB9ADBF9AD5}.Release|Any CPU.Build.0 = Release|Any CPU
		{3A97B6F8-7485-6144-AD24-501B67BE6B9D}.Debug|Any CPU.ActiveCfg = Debug|Any CPU
		{3A97B6F8-7485-6144-AD24-501B67BE6B9D}.Debug|Any CPU.Build.0 = Debug|Any CPU
		{3A97B6F8-7485-6144-AD24-501B67BE6B9D}.Release|Any CPU.ActiveCfg = Release|Any CPU
		{3A97B6F8-7485-6144-AD24-501B67BE6B9D}.Release|Any CPU.Build.0 = Release|Any CPU
		{88A4605D-02D9-99C9-2F20-27AA127696AD}.Debug|Any CPU.ActiveCfg = Debug|Any CPU
		{88A4605D-02D9-99C9-2F20-27AA127696AD}.Debug|Any CPU.Build.0 = Debug|Any CPU
		{88A4605D-02D9-99C9-2F20-27AA127696AD}.Release|Any CPU.ActiveCfg = Release|Any CPU
		{88A4605D-02D9-99C9-2F20-27AA127696AD}.Release|Any CPU.Build.0 = Release|Any CPU
		{D5A3F5C9-53AC-3232-1886-2447D85111B5}.Debug|Any CPU.ActiveCfg = Debug|Any CPU
		{D5A3F5C9-53AC-3232-1886-2447D85111B5}.Debug|Any CPU.Build.0 = Debug|Any CPU
		{D5A3F5C9-53AC-3232-1886-2447D85111B5}.Release|Any CPU.ActiveCfg = Release|Any CPU
		{D5A3F5C9-53AC-3232-1886-2447D85111B5}.Release|Any CPU.Build.0 = Release|Any CPU
		{F51EDF0D-D379-3E80-492E-0034B289EEC4}.Debug|Any CPU.ActiveCfg = Debug|Any CPU
		{F51EDF0D-D379-3E80-492E-0034B289EEC4}.Debug|Any CPU.Build.0 = Debug|Any CPU
		{F51EDF0D-D379-3E80-492E-0034B289EEC4}.Release|Any CPU.ActiveCfg = Release|Any CPU
		{F51EDF0D-D379-3E80-492E-0034B289EEC4}.Release|Any CPU.Build.0 = Release|Any CPU
		{18C95E64-30AF-424F-74FE-13AF0AD574F3}.Debug|Any CPU.ActiveCfg = Debug|Any CPU
		{18C95E64-30AF-424F-74FE-13AF0AD574F3}.Debug|Any CPU.Build.0 = Debug|Any CPU
		{18C95E64-30AF-424F-74FE-13AF0AD574F3}.Release|Any CPU.ActiveCfg = Release|Any CPU
		{18C95E64-30AF-424F-74FE-13AF0AD574F3}.Release|Any CPU.Build.0 = Release|Any CPU
		{D97448D7-704F-77ED-86B3-9B96B2B46AE3}.Debug|Any CPU.ActiveCfg = Debug|Any CPU
		{D97448D7-704F-77ED-86B3-9B96B2B46AE3}.Debug|Any CPU.Build.0 = Debug|Any CPU
		{D97448D7-704F-77ED-86B3-9B96B2B46AE3}.Release|Any CPU.ActiveCfg = Release|Any CPU
		{D97448D7-704F-77ED-86B3-9B96B2B46AE3}.Release|Any CPU.Build.0 = Release|Any CPU
		{0CA40CDB-3538-7C0C-DEDC-12774F443D21}.Debug|Any CPU.ActiveCfg = Debug|Any CPU
		{0CA40CDB-3538-7C0C-DEDC-12774F443D21}.Debug|Any CPU.Build.0 = Debug|Any CPU
		{0CA40CDB-3538-7C0C-DEDC-12774F443D21}.Release|Any CPU.ActiveCfg = Release|Any CPU
		{0CA40CDB-3538-7C0C-DEDC-12774F443D21}.Release|Any CPU.Build.0 = Release|Any CPU
		{BB7B4B68-1D10-DA67-74B8-438121E542E2}.Debug|Any CPU.ActiveCfg = Debug|Any CPU
		{BB7B4B68-1D10-DA67-74B8-438121E542E2}.Debug|Any CPU.Build.0 = Debug|Any CPU
		{BB7B4B68-1D10-DA67-74B8-438121E542E2}.Release|Any CPU.ActiveCfg = Release|Any CPU
		{BB7B4B68-1D10-DA67-74B8-438121E542E2}.Release|Any CPU.Build.0 = Release|Any CPU
		{F78DC483-3A8C-DF6D-C185-12FF96F74844}.Debug|Any CPU.ActiveCfg = Debug|Any CPU
		{F78DC483-3A8C-DF6D-C185-12FF96F74844}.Debug|Any CPU.Build.0 = Debug|Any CPU
		{F78DC483-3A8C-DF6D-C185-12FF96F74844}.Release|Any CPU.ActiveCfg = Release|Any CPU
		{F78DC483-3A8C-DF6D-C185-12FF96F74844}.Release|Any CPU.Build.0 = Release|Any CPU
		{5489D183-F391-1C5D-8183-4DBF93050AAA}.Debug|Any CPU.ActiveCfg = Debug|Any CPU
		{5489D183-F391-1C5D-8183-4DBF93050AAA}.Debug|Any CPU.Build.0 = Debug|Any CPU
		{5489D183-F391-1C5D-8183-4DBF93050AAA}.Release|Any CPU.ActiveCfg = Release|Any CPU
		{5489D183-F391-1C5D-8183-4DBF93050AAA}.Release|Any CPU.Build.0 = Release|Any CPU
		{DF304B90-9F53-8018-7B71-4330ACDCA7FD}.Debug|Any CPU.ActiveCfg = Debug|Any CPU
		{DF304B90-9F53-8018-7B71-4330ACDCA7FD}.Debug|Any CPU.Build.0 = Debug|Any CPU
		{DF304B90-9F53-8018-7B71-4330ACDCA7FD}.Release|Any CPU.ActiveCfg = Release|Any CPU
		{DF304B90-9F53-8018-7B71-4330ACDCA7FD}.Release|Any CPU.Build.0 = Release|Any CPU
		{D6A3FB69-4B30-257D-A53F-03847CAA7A24}.Debug|Any CPU.ActiveCfg = Debug|Any CPU
		{D6A3FB69-4B30-257D-A53F-03847CAA7A24}.Debug|Any CPU.Build.0 = Debug|Any CPU
		{D6A3FB69-4B30-257D-A53F-03847CAA7A24}.Release|Any CPU.ActiveCfg = Release|Any CPU
		{D6A3FB69-4B30-257D-A53F-03847CAA7A24}.Release|Any CPU.Build.0 = Release|Any CPU
		{A8C62FBC-626D-468B-BE9D-21AA7C99E382}.Debug|Any CPU.ActiveCfg = Debug|Any CPU
		{A8C62FBC-626D-468B-BE9D-21AA7C99E382}.Debug|Any CPU.Build.0 = Debug|Any CPU
		{A8C62FBC-626D-468B-BE9D-21AA7C99E382}.Release|Any CPU.ActiveCfg = Release|Any CPU
		{A8C62FBC-626D-468B-BE9D-21AA7C99E382}.Release|Any CPU.Build.0 = Release|Any CPU
		{878F62E0-50FE-E7A6-B047-2A71A1D92A5A}.Debug|Any CPU.ActiveCfg = Debug|Any CPU
		{878F62E0-50FE-E7A6-B047-2A71A1D92A5A}.Debug|Any CPU.Build.0 = Debug|Any CPU
		{878F62E0-50FE-E7A6-B047-2A71A1D92A5A}.Release|Any CPU.ActiveCfg = Release|Any CPU
		{878F62E0-50FE-E7A6-B047-2A71A1D92A5A}.Release|Any CPU.Build.0 = Release|Any CPU
		{E4DD4601-0C5B-E4F4-E1F2-E5F39D5533F7}.Debug|Any CPU.ActiveCfg = Debug|Any CPU
		{E4DD4601-0C5B-E4F4-E1F2-E5F39D5533F7}.Debug|Any CPU.Build.0 = Debug|Any CPU
		{E4DD4601-0C5B-E4F4-E1F2-E5F39D5533F7}.Release|Any CPU.ActiveCfg = Release|Any CPU
		{E4DD4601-0C5B-E4F4-E1F2-E5F39D5533F7}.Release|Any CPU.Build.0 = Release|Any CPU
		{462AF5EA-D76F-2F6A-2C6E-46D73CB1DFC3}.Debug|Any CPU.ActiveCfg = Debug|Any CPU
		{462AF5EA-D76F-2F6A-2C6E-46D73CB1DFC3}.Debug|Any CPU.Build.0 = Debug|Any CPU
		{462AF5EA-D76F-2F6A-2C6E-46D73CB1DFC3}.Release|Any CPU.ActiveCfg = Release|Any CPU
		{462AF5EA-D76F-2F6A-2C6E-46D73CB1DFC3}.Release|Any CPU.Build.0 = Release|Any CPU
		{4BAF14E4-6B1E-77CC-8EB6-716D2C99D4DD}.Debug|Any CPU.ActiveCfg = Debug|Any CPU
		{4BAF14E4-6B1E-77CC-8EB6-716D2C99D4DD}.Debug|Any CPU.Build.0 = Debug|Any CPU
		{4BAF14E4-6B1E-77CC-8EB6-716D2C99D4DD}.Release|Any CPU.ActiveCfg = Release|Any CPU
		{4BAF14E4-6B1E-77CC-8EB6-716D2C99D4DD}.Release|Any CPU.Build.0 = Release|Any CPU
		{75B97A9B-940B-32CC-AAF4-ACAE1644137C}.Debug|Any CPU.ActiveCfg = Debug|Any CPU
		{75B97A9B-940B-32CC-AAF4-ACAE1644137C}.Debug|Any CPU.Build.0 = Debug|Any CPU
		{75B97A9B-940B-32CC-AAF4-ACAE1644137C}.Release|Any CPU.ActiveCfg = Release|Any CPU
		{75B97A9B-940B-32CC-AAF4-ACAE1644137C}.Release|Any CPU.Build.0 = Release|Any CPU
	EndGlobalSection
	GlobalSection(SolutionProperties) = preSolution
		HideSolutionNode = FALSE
	EndGlobalSection
EndGlobal
